// !$*UTF8*$!
{
	archiveVersion = 1;
	classes = {
	};
	objectVersion = 51;
	objects = {

/* Begin PBXBuildFile section */
		033468B4261647C000E4CA37 /* AppDelegate.swift in Sources */ = {isa = PBXBuildFile; fileRef = 033468B3261647C000E4CA37 /* AppDelegate.swift */; };
		033468B6261647C000E4CA37 /* SceneDelegate.swift in Sources */ = {isa = PBXBuildFile; fileRef = 033468B5261647C000E4CA37 /* SceneDelegate.swift */; };
		033468B8261647C000E4CA37 /* ViewController.swift in Sources */ = {isa = PBXBuildFile; fileRef = 033468B7261647C000E4CA37 /* ViewController.swift */; };
		033468BB261647C000E4CA37 /* Main.storyboard in Resources */ = {isa = PBXBuildFile; fileRef = 033468B9261647C000E4CA37 /* Main.storyboard */; };
		033468BD261647C100E4CA37 /* Assets.xcassets in Resources */ = {isa = PBXBuildFile; fileRef = 033468BC261647C100E4CA37 /* Assets.xcassets */; };
		033468C0261647C100E4CA37 /* LaunchScreen.storyboard in Resources */ = {isa = PBXBuildFile; fileRef = 033468BE261647C100E4CA37 /* LaunchScreen.storyboard */; };
		033468D526164AD000E4CA37 /* GoalsViewController.swift in Sources */ = {isa = PBXBuildFile; fileRef = 033468D326164AD000E4CA37 /* GoalsViewController.swift */; };
		033468D626164AD000E4CA37 /* GoalsViewController.xib in Resources */ = {isa = PBXBuildFile; fileRef = 033468D426164AD000E4CA37 /* GoalsViewController.xib */; };
		0379FB482617E51000088F42 /* Video.swift in Sources */ = {isa = PBXBuildFile; fileRef = 0379FB472617E51000088F42 /* Video.swift */; };
		03F8F72A261A7C9C00234739 /* VideosCollectionViewCell.swift in Sources */ = {isa = PBXBuildFile; fileRef = 03F8F728261A7C9C00234739 /* VideosCollectionViewCell.swift */; };
		03F8F72B261A7C9C00234739 /* VideosCollectionViewCell.xib in Resources */ = {isa = PBXBuildFile; fileRef = 03F8F729261A7C9C00234739 /* VideosCollectionViewCell.xib */; };
		03F8F74A262116A100234739 /* CopyViewController.swift in Sources */ = {isa = PBXBuildFile; fileRef = 03F8F748262116A100234739 /* CopyViewController.swift */; };
		03F8F74B262116A100234739 /* CopyViewController.xib in Resources */ = {isa = PBXBuildFile; fileRef = 03F8F749262116A100234739 /* CopyViewController.xib */; };
		2EA4A397261E5E130067FC3B /* TrackerViewController.swift in Sources */ = {isa = PBXBuildFile; fileRef = 2EA4A395261E5E130067FC3B /* TrackerViewController.swift */; };
		2EA4A398261E5E130067FC3B /* TrackerViewController.xib in Resources */ = {isa = PBXBuildFile; fileRef = 2EA4A396261E5E130067FC3B /* TrackerViewController.xib */; };
		2EA4A39D261E88030067FC3B /* DayTrackViewController.swift in Sources */ = {isa = PBXBuildFile; fileRef = 2EA4A39B261E88030067FC3B /* DayTrackViewController.swift */; };
		2EA4A39E261E88030067FC3B /* DayTrackViewController.xib in Resources */ = {isa = PBXBuildFile; fileRef = 2EA4A39C261E88030067FC3B /* DayTrackViewController.xib */; };
		2EA4A3C8262289BE0067FC3B /* User.swift in Sources */ = {isa = PBXBuildFile; fileRef = 2EA4A3C7262289BE0067FC3B /* User.swift */; };
		2EFE292D2616C8AC00FE56AD /* GoalsTableViewCell.swift in Sources */ = {isa = PBXBuildFile; fileRef = 2EFE292B2616C8AC00FE56AD /* GoalsTableViewCell.swift */; };
		2EFE292E2616C8AC00FE56AD /* GoalsTableViewCell.xib in Resources */ = {isa = PBXBuildFile; fileRef = 2EFE292C2616C8AC00FE56AD /* GoalsTableViewCell.xib */; };
		2EFE2997261BF90200FE56AD /* GeneralTableViewCell.swift in Sources */ = {isa = PBXBuildFile; fileRef = 2EFE2995261BF90200FE56AD /* GeneralTableViewCell.swift */; };
		2EFE2998261BF90200FE56AD /* GeneralTableViewCell.xib in Resources */ = {isa = PBXBuildFile; fileRef = 2EFE2996261BF90200FE56AD /* GeneralTableViewCell.xib */; };
		2EFE29A2261BFE7600FE56AD /* SignUpViewController.swift in Sources */ = {isa = PBXBuildFile; fileRef = 2EFE299D261BFE7600FE56AD /* SignUpViewController.swift */; };
		2EFE29A3261BFE7600FE56AD /* SignUpViewController.xib in Resources */ = {isa = PBXBuildFile; fileRef = 2EFE299E261BFE7600FE56AD /* SignUpViewController.xib */; };
		2EFE29A4261BFE7600FE56AD /* SignInViewController.xib in Resources */ = {isa = PBXBuildFile; fileRef = 2EFE29A0261BFE7600FE56AD /* SignInViewController.xib */; };
		2EFE29A5261BFE7600FE56AD /* SignInViewController.swift in Sources */ = {isa = PBXBuildFile; fileRef = 2EFE29A1261BFE7600FE56AD /* SignInViewController.swift */; };
		2EFE29AA261C023700FE56AD /* AboutViewController.swift in Sources */ = {isa = PBXBuildFile; fileRef = 2EFE29A8261C023700FE56AD /* AboutViewController.swift */; };
		2EFE29AB261C023700FE56AD /* AboutViewController.xib in Resources */ = {isa = PBXBuildFile; fileRef = 2EFE29A9261C023700FE56AD /* AboutViewController.xib */; };
		2EFE29BC261C0E9700FE56AD /* GoogleService-Info.plist in Resources */ = {isa = PBXBuildFile; fileRef = 2EFE29BB261C0E9700FE56AD /* GoogleService-Info.plist */; };
		42356F4026166756006AC759 /* LongTermGoalsViewController.swift in Sources */ = {isa = PBXBuildFile; fileRef = 42356F3E26166756006AC759 /* LongTermGoalsViewController.swift */; };
		42356F4126166756006AC759 /* LongTermGoalsViewController.xib in Resources */ = {isa = PBXBuildFile; fileRef = 42356F3F26166756006AC759 /* LongTermGoalsViewController.xib */; };
		42356F4626167120006AC759 /* CopingViewController.swift in Sources */ = {isa = PBXBuildFile; fileRef = 42356F4426167120006AC759 /* CopingViewController.swift */; };
		42356F4726167120006AC759 /* CopingViewController.xib in Resources */ = {isa = PBXBuildFile; fileRef = 42356F4526167120006AC759 /* CopingViewController.xib */; };
		42356F5C2617B331006AC759 /* TabBarViewController.swift in Sources */ = {isa = PBXBuildFile; fileRef = 42356F5B2617B331006AC759 /* TabBarViewController.swift */; };
		42356F5F2617CB6E006AC759 /* CopingSkillsViewController.swift in Sources */ = {isa = PBXBuildFile; fileRef = 42356F5E2617CB6E006AC759 /* CopingSkillsViewController.swift */; };
		42356F622617CB76006AC759 /* CopingSkillsViewController.xib in Resources */ = {isa = PBXBuildFile; fileRef = 42356F612617CB76006AC759 /* CopingSkillsViewController.xib */; };
		B535378C867DA871313363ED /* Pods_Elevate.framework in Frameworks */ = {isa = PBXBuildFile; fileRef = 505CCCC5138DA3EAFAC6F4B6 /* Pods_Elevate.framework */; };
/* End PBXBuildFile section */

/* Begin PBXFileReference section */
		033468B0261647C000E4CA37 /* Elevate.app */ = {isa = PBXFileReference; explicitFileType = wrapper.application; includeInIndex = 0; path = Elevate.app; sourceTree = BUILT_PRODUCTS_DIR; };
		033468B3261647C000E4CA37 /* AppDelegate.swift */ = {isa = PBXFileReference; lastKnownFileType = sourcecode.swift; path = AppDelegate.swift; sourceTree = "<group>"; };
		033468B5261647C000E4CA37 /* SceneDelegate.swift */ = {isa = PBXFileReference; lastKnownFileType = sourcecode.swift; path = SceneDelegate.swift; sourceTree = "<group>"; };
		033468B7261647C000E4CA37 /* ViewController.swift */ = {isa = PBXFileReference; lastKnownFileType = sourcecode.swift; path = ViewController.swift; sourceTree = "<group>"; };
		033468BA261647C000E4CA37 /* Base */ = {isa = PBXFileReference; lastKnownFileType = file.storyboard; name = Base; path = Base.lproj/Main.storyboard; sourceTree = "<group>"; };
		033468BC261647C100E4CA37 /* Assets.xcassets */ = {isa = PBXFileReference; lastKnownFileType = folder.assetcatalog; path = Assets.xcassets; sourceTree = "<group>"; };
		033468BF261647C100E4CA37 /* Base */ = {isa = PBXFileReference; lastKnownFileType = file.storyboard; name = Base; path = Base.lproj/LaunchScreen.storyboard; sourceTree = "<group>"; };
		033468C1261647C100E4CA37 /* Info.plist */ = {isa = PBXFileReference; lastKnownFileType = text.plist.xml; path = Info.plist; sourceTree = "<group>"; };
		033468D326164AD000E4CA37 /* GoalsViewController.swift */ = {isa = PBXFileReference; lastKnownFileType = sourcecode.swift; path = GoalsViewController.swift; sourceTree = "<group>"; };
		033468D426164AD000E4CA37 /* GoalsViewController.xib */ = {isa = PBXFileReference; lastKnownFileType = file.xib; path = GoalsViewController.xib; sourceTree = "<group>"; };
		0379FB472617E51000088F42 /* Video.swift */ = {isa = PBXFileReference; lastKnownFileType = sourcecode.swift; path = Video.swift; sourceTree = "<group>"; };
		03F8F728261A7C9C00234739 /* VideosCollectionViewCell.swift */ = {isa = PBXFileReference; lastKnownFileType = sourcecode.swift; path = VideosCollectionViewCell.swift; sourceTree = "<group>"; };
		03F8F729261A7C9C00234739 /* VideosCollectionViewCell.xib */ = {isa = PBXFileReference; lastKnownFileType = file.xib; path = VideosCollectionViewCell.xib; sourceTree = "<group>"; };
		03F8F748262116A100234739 /* CopyViewController.swift */ = {isa = PBXFileReference; lastKnownFileType = sourcecode.swift; path = CopyViewController.swift; sourceTree = "<group>"; };
		03F8F749262116A100234739 /* CopyViewController.xib */ = {isa = PBXFileReference; lastKnownFileType = file.xib; path = CopyViewController.xib; sourceTree = "<group>"; };
		2EA4A395261E5E130067FC3B /* TrackerViewController.swift */ = {isa = PBXFileReference; lastKnownFileType = sourcecode.swift; path = TrackerViewController.swift; sourceTree = "<group>"; };
		2EA4A396261E5E130067FC3B /* TrackerViewController.xib */ = {isa = PBXFileReference; lastKnownFileType = file.xib; path = TrackerViewController.xib; sourceTree = "<group>"; };
		2EA4A39B261E88030067FC3B /* DayTrackViewController.swift */ = {isa = PBXFileReference; lastKnownFileType = sourcecode.swift; path = DayTrackViewController.swift; sourceTree = "<group>"; };
		2EA4A39C261E88030067FC3B /* DayTrackViewController.xib */ = {isa = PBXFileReference; lastKnownFileType = file.xib; path = DayTrackViewController.xib; sourceTree = "<group>"; };
		2EA4A3C7262289BE0067FC3B /* User.swift */ = {isa = PBXFileReference; lastKnownFileType = sourcecode.swift; path = User.swift; sourceTree = "<group>"; };
		2EFE292B2616C8AC00FE56AD /* GoalsTableViewCell.swift */ = {isa = PBXFileReference; lastKnownFileType = sourcecode.swift; path = GoalsTableViewCell.swift; sourceTree = "<group>"; };
		2EFE292C2616C8AC00FE56AD /* GoalsTableViewCell.xib */ = {isa = PBXFileReference; lastKnownFileType = file.xib; path = GoalsTableViewCell.xib; sourceTree = "<group>"; };
		2EFE2995261BF90200FE56AD /* GeneralTableViewCell.swift */ = {isa = PBXFileReference; lastKnownFileType = sourcecode.swift; path = GeneralTableViewCell.swift; sourceTree = "<group>"; };
		2EFE2996261BF90200FE56AD /* GeneralTableViewCell.xib */ = {isa = PBXFileReference; lastKnownFileType = file.xib; path = GeneralTableViewCell.xib; sourceTree = "<group>"; };
		2EFE299D261BFE7600FE56AD /* SignUpViewController.swift */ = {isa = PBXFileReference; fileEncoding = 4; lastKnownFileType = sourcecode.swift; path = SignUpViewController.swift; sourceTree = "<group>"; };
		2EFE299E261BFE7600FE56AD /* SignUpViewController.xib */ = {isa = PBXFileReference; fileEncoding = 4; lastKnownFileType = file.xib; path = SignUpViewController.xib; sourceTree = "<group>"; };
		2EFE29A0261BFE7600FE56AD /* SignInViewController.xib */ = {isa = PBXFileReference; fileEncoding = 4; lastKnownFileType = file.xib; path = SignInViewController.xib; sourceTree = "<group>"; };
		2EFE29A1261BFE7600FE56AD /* SignInViewController.swift */ = {isa = PBXFileReference; fileEncoding = 4; lastKnownFileType = sourcecode.swift; path = SignInViewController.swift; sourceTree = "<group>"; };
		2EFE29A8261C023700FE56AD /* AboutViewController.swift */ = {isa = PBXFileReference; lastKnownFileType = sourcecode.swift; path = AboutViewController.swift; sourceTree = "<group>"; };
		2EFE29A9261C023700FE56AD /* AboutViewController.xib */ = {isa = PBXFileReference; lastKnownFileType = file.xib; path = AboutViewController.xib; sourceTree = "<group>"; };
		2EFE29BB261C0E9700FE56AD /* GoogleService-Info.plist */ = {isa = PBXFileReference; fileEncoding = 4; lastKnownFileType = text.plist.xml; path = "GoogleService-Info.plist"; sourceTree = "<group>"; };
		42356F3E26166756006AC759 /* LongTermGoalsViewController.swift */ = {isa = PBXFileReference; lastKnownFileType = sourcecode.swift; path = LongTermGoalsViewController.swift; sourceTree = "<group>"; };
		42356F3F26166756006AC759 /* LongTermGoalsViewController.xib */ = {isa = PBXFileReference; lastKnownFileType = file.xib; path = LongTermGoalsViewController.xib; sourceTree = "<group>"; };
		42356F4426167120006AC759 /* CopingViewController.swift */ = {isa = PBXFileReference; lastKnownFileType = sourcecode.swift; path = CopingViewController.swift; sourceTree = "<group>"; };
		42356F4526167120006AC759 /* CopingViewController.xib */ = {isa = PBXFileReference; lastKnownFileType = file.xib; path = CopingViewController.xib; sourceTree = "<group>"; };
		42356F5B2617B331006AC759 /* TabBarViewController.swift */ = {isa = PBXFileReference; lastKnownFileType = sourcecode.swift; path = TabBarViewController.swift; sourceTree = "<group>"; };
		42356F5E2617CB6E006AC759 /* CopingSkillsViewController.swift */ = {isa = PBXFileReference; fileEncoding = 4; lastKnownFileType = sourcecode.swift; path = CopingSkillsViewController.swift; sourceTree = "<group>"; };
		42356F612617CB76006AC759 /* CopingSkillsViewController.xib */ = {isa = PBXFileReference; fileEncoding = 4; lastKnownFileType = file.xib; path = CopingSkillsViewController.xib; sourceTree = "<group>"; };
		505CCCC5138DA3EAFAC6F4B6 /* Pods_Elevate.framework */ = {isa = PBXFileReference; explicitFileType = wrapper.framework; includeInIndex = 0; path = Pods_Elevate.framework; sourceTree = BUILT_PRODUCTS_DIR; };
		CEDC0BB42E42ADB0E3BC74DB /* Pods-Elevate.debug.xcconfig */ = {isa = PBXFileReference; includeInIndex = 1; lastKnownFileType = text.xcconfig; name = "Pods-Elevate.debug.xcconfig"; path = "Target Support Files/Pods-Elevate/Pods-Elevate.debug.xcconfig"; sourceTree = "<group>"; };
		F6A5F20291E7160E19ABEA7C /* Pods-Elevate.release.xcconfig */ = {isa = PBXFileReference; includeInIndex = 1; lastKnownFileType = text.xcconfig; name = "Pods-Elevate.release.xcconfig"; path = "Target Support Files/Pods-Elevate/Pods-Elevate.release.xcconfig"; sourceTree = "<group>"; };
/* End PBXFileReference section */

/* Begin PBXFrameworksBuildPhase section */
		033468AD261647C000E4CA37 /* Frameworks */ = {
			isa = PBXFrameworksBuildPhase;
			buildActionMask = 2147483647;
			files = (
				B535378C867DA871313363ED /* Pods_Elevate.framework in Frameworks */,
			);
			runOnlyForDeploymentPostprocessing = 0;
		};
/* End PBXFrameworksBuildPhase section */

/* Begin PBXGroup section */
		033468A7261647C000E4CA37 = {
			isa = PBXGroup;
			children = (
				0379FB472617E51000088F42 /* Video.swift */,
				033468B2261647C000E4CA37 /* Elevate */,
				033468B1261647C000E4CA37 /* Products */,
				E9E2BC9A56D4BCB6B259A3C6 /* Pods */,
				9FF3861FBBBD787726441086 /* Frameworks */,
			);
			sourceTree = "<group>";
		};
		033468B1261647C000E4CA37 /* Products */ = {
			isa = PBXGroup;
			children = (
				033468B0261647C000E4CA37 /* Elevate.app */,
			);
			name = Products;
			sourceTree = "<group>";
		};
		033468B2261647C000E4CA37 /* Elevate */ = {
			isa = PBXGroup;
			children = (
				2EFE29252616C5C600FE56AD /* Scenes */,
				033468B3261647C000E4CA37 /* AppDelegate.swift */,
				033468B5261647C000E4CA37 /* SceneDelegate.swift */,
				033468B7261647C000E4CA37 /* ViewController.swift */,
				033468B9261647C000E4CA37 /* Main.storyboard */,
				033468BC261647C100E4CA37 /* Assets.xcassets */,
				033468BE261647C100E4CA37 /* LaunchScreen.storyboard */,
				033468C1261647C100E4CA37 /* Info.plist */,
				2EFE29BB261C0E9700FE56AD /* GoogleService-Info.plist */,
				2EA4A3C7262289BE0067FC3B /* User.swift */,
			);
			path = Elevate;
			sourceTree = "<group>";
		};
		2EA4A394261E5DD10067FC3B /* Tracker */ = {
			isa = PBXGroup;
			children = (
				2EA4A395261E5E130067FC3B /* TrackerViewController.swift */,
				2EA4A396261E5E130067FC3B /* TrackerViewController.xib */,
				2EA4A39B261E88030067FC3B /* DayTrackViewController.swift */,
				2EA4A39C261E88030067FC3B /* DayTrackViewController.xib */,
				03F8F748262116A100234739 /* CopyViewController.swift */,
				03F8F749262116A100234739 /* CopyViewController.xib */,
			);
			path = Tracker;
			sourceTree = "<group>";
		};
		2EFE29252616C5C600FE56AD /* Scenes */ = {
			isa = PBXGroup;
			children = (
				2EA4A394261E5DD10067FC3B /* Tracker */,
				2EFE29A7261C021E00FE56AD /* About */,
				2EFE299F261BFE7600FE56AD /* SignIn */,
				2EFE299C261BFE7600FE56AD /* SignUp */,
				2EFE29272616C5DE00FE56AD /* Goals */,
				2EFE29262616C5D800FE56AD /* Coping */,
				42356F5B2617B331006AC759 /* TabBarViewController.swift */,
			);
			path = Scenes;
			sourceTree = "<group>";
		};
		2EFE29262616C5D800FE56AD /* Coping */ = {
			isa = PBXGroup;
			children = (
				42356F4B2617A77C006AC759 /* Cells */,
				42356F4426167120006AC759 /* CopingViewController.swift */,
				42356F4526167120006AC759 /* CopingViewController.xib */,
				42356F5E2617CB6E006AC759 /* CopingSkillsViewController.swift */,
				42356F612617CB76006AC759 /* CopingSkillsViewController.xib */,
			);
			path = Coping;
			sourceTree = "<group>";
		};
		2EFE29272616C5DE00FE56AD /* Goals */ = {
			isa = PBXGroup;
			children = (
				2EFE29292616C7F400FE56AD /* Cells */,
				033468D326164AD000E4CA37 /* GoalsViewController.swift */,
				033468D426164AD000E4CA37 /* GoalsViewController.xib */,
				42356F3E26166756006AC759 /* LongTermGoalsViewController.swift */,
				42356F3F26166756006AC759 /* LongTermGoalsViewController.xib */,
			);
			path = Goals;
			sourceTree = "<group>";
		};
		2EFE29292616C7F400FE56AD /* Cells */ = {
			isa = PBXGroup;
			children = (
				2EFE292B2616C8AC00FE56AD /* GoalsTableViewCell.swift */,
				2EFE292C2616C8AC00FE56AD /* GoalsTableViewCell.xib */,
			);
			path = Cells;
			sourceTree = "<group>";
		};
		2EFE299C261BFE7600FE56AD /* SignUp */ = {
			isa = PBXGroup;
			children = (
				2EFE299D261BFE7600FE56AD /* SignUpViewController.swift */,
				2EFE299E261BFE7600FE56AD /* SignUpViewController.xib */,
			);
			path = SignUp;
			sourceTree = "<group>";
		};
		2EFE299F261BFE7600FE56AD /* SignIn */ = {
			isa = PBXGroup;
			children = (
				2EFE29A0261BFE7600FE56AD /* SignInViewController.xib */,
				2EFE29A1261BFE7600FE56AD /* SignInViewController.swift */,
			);
			path = SignIn;
			sourceTree = "<group>";
		};
		2EFE29A7261C021E00FE56AD /* About */ = {
			isa = PBXGroup;
			children = (
				2EFE29A8261C023700FE56AD /* AboutViewController.swift */,
				2EFE29A9261C023700FE56AD /* AboutViewController.xib */,
			);
			path = About;
			sourceTree = "<group>";
		};
		42356F4B2617A77C006AC759 /* Cells */ = {
			isa = PBXGroup;
			children = (
				03F8F728261A7C9C00234739 /* VideosCollectionViewCell.swift */,
				03F8F729261A7C9C00234739 /* VideosCollectionViewCell.xib */,
				2EFE2995261BF90200FE56AD /* GeneralTableViewCell.swift */,
				2EFE2996261BF90200FE56AD /* GeneralTableViewCell.xib */,
			);
			path = Cells;
			sourceTree = "<group>";
		};
		9FF3861FBBBD787726441086 /* Frameworks */ = {
			isa = PBXGroup;
			children = (
				505CCCC5138DA3EAFAC6F4B6 /* Pods_Elevate.framework */,
			);
			name = Frameworks;
			sourceTree = "<group>";
		};
		E9E2BC9A56D4BCB6B259A3C6 /* Pods */ = {
			isa = PBXGroup;
			children = (
				CEDC0BB42E42ADB0E3BC74DB /* Pods-Elevate.debug.xcconfig */,
				F6A5F20291E7160E19ABEA7C /* Pods-Elevate.release.xcconfig */,
			);
			path = Pods;
			sourceTree = "<group>";
		};
/* End PBXGroup section */

/* Begin PBXNativeTarget section */
		033468AF261647C000E4CA37 /* Elevate */ = {
			isa = PBXNativeTarget;
			buildConfigurationList = 033468C4261647C100E4CA37 /* Build configuration list for PBXNativeTarget "Elevate" */;
			buildPhases = (
				775881A89348EACBA01ACA47 /* [CP] Check Pods Manifest.lock */,
				033468AC261647C000E4CA37 /* Sources */,
				033468AD261647C000E4CA37 /* Frameworks */,
				033468AE261647C000E4CA37 /* Resources */,
				108A31290BEC340BB85EFA4E /* [CP] Embed Pods Frameworks */,
			);
			buildRules = (
			);
			dependencies = (
			);
			name = Elevate;
			productName = Elevate;
			productReference = 033468B0261647C000E4CA37 /* Elevate.app */;
			productType = "com.apple.product-type.application";
		};
/* End PBXNativeTarget section */

/* Begin PBXProject section */
		033468A8261647C000E4CA37 /* Project object */ = {
			isa = PBXProject;
			attributes = {
				LastSwiftUpdateCheck = 1240;
				LastUpgradeCheck = 1240;
				TargetAttributes = {
					033468AF261647C000E4CA37 = {
						CreatedOnToolsVersion = 12.4;
					};
				};
			};
			buildConfigurationList = 033468AB261647C000E4CA37 /* Build configuration list for PBXProject "Elevate" */;
			compatibilityVersion = "Xcode 9.3";
			developmentRegion = en;
			hasScannedForEncodings = 0;
			knownRegions = (
				en,
				Base,
			);
			mainGroup = 033468A7261647C000E4CA37;
			productRefGroup = 033468B1261647C000E4CA37 /* Products */;
			projectDirPath = "";
			projectRoot = "";
			targets = (
				033468AF261647C000E4CA37 /* Elevate */,
			);
		};
/* End PBXProject section */

/* Begin PBXResourcesBuildPhase section */
		033468AE261647C000E4CA37 /* Resources */ = {
			isa = PBXResourcesBuildPhase;
			buildActionMask = 2147483647;
			files = (
				42356F622617CB76006AC759 /* CopingSkillsViewController.xib in Resources */,
				2EFE292E2616C8AC00FE56AD /* GoalsTableViewCell.xib in Resources */,
				42356F4726167120006AC759 /* CopingViewController.xib in Resources */,
				42356F4126166756006AC759 /* LongTermGoalsViewController.xib in Resources */,
				2EFE29A4261BFE7600FE56AD /* SignInViewController.xib in Resources */,
				033468C0261647C100E4CA37 /* LaunchScreen.storyboard in Resources */,
				2EFE29AB261C023700FE56AD /* AboutViewController.xib in Resources */,
				2EFE29A3261BFE7600FE56AD /* SignUpViewController.xib in Resources */,
				2EFE2998261BF90200FE56AD /* GeneralTableViewCell.xib in Resources */,
				03F8F74B262116A100234739 /* CopyViewController.xib in Resources */,
				2EA4A398261E5E130067FC3B /* TrackerViewController.xib in Resources */,
				033468BD261647C100E4CA37 /* Assets.xcassets in Resources */,
				033468BB261647C000E4CA37 /* Main.storyboard in Resources */,
				03F8F72B261A7C9C00234739 /* VideosCollectionViewCell.xib in Resources */,
				2EA4A39E261E88030067FC3B /* DayTrackViewController.xib in Resources */,
				033468D626164AD000E4CA37 /* GoalsViewController.xib in Resources */,
				2EFE29BC261C0E9700FE56AD /* GoogleService-Info.plist in Resources */,
			);
			runOnlyForDeploymentPostprocessing = 0;
		};
/* End PBXResourcesBuildPhase section */

/* Begin PBXShellScriptBuildPhase section */
		108A31290BEC340BB85EFA4E /* [CP] Embed Pods Frameworks */ = {
			isa = PBXShellScriptBuildPhase;
			buildActionMask = 2147483647;
			files = (
			);
			inputFileListPaths = (
				"${PODS_ROOT}/Target Support Files/Pods-Elevate/Pods-Elevate-frameworks-${CONFIGURATION}-input-files.xcfilelist",
			);
			name = "[CP] Embed Pods Frameworks";
			outputFileListPaths = (
				"${PODS_ROOT}/Target Support Files/Pods-Elevate/Pods-Elevate-frameworks-${CONFIGURATION}-output-files.xcfilelist",
			);
			runOnlyForDeploymentPostprocessing = 0;
			shellPath = /bin/sh;
			shellScript = "\"${PODS_ROOT}/Target Support Files/Pods-Elevate/Pods-Elevate-frameworks.sh\"\n";
			showEnvVarsInLog = 0;
		};
		775881A89348EACBA01ACA47 /* [CP] Check Pods Manifest.lock */ = {
			isa = PBXShellScriptBuildPhase;
			buildActionMask = 2147483647;
			files = (
			);
			inputFileListPaths = (
			);
			inputPaths = (
				"${PODS_PODFILE_DIR_PATH}/Podfile.lock",
				"${PODS_ROOT}/Manifest.lock",
			);
			name = "[CP] Check Pods Manifest.lock";
			outputFileListPaths = (
			);
			outputPaths = (
				"$(DERIVED_FILE_DIR)/Pods-Elevate-checkManifestLockResult.txt",
			);
			runOnlyForDeploymentPostprocessing = 0;
			shellPath = /bin/sh;
			shellScript = "diff \"${PODS_PODFILE_DIR_PATH}/Podfile.lock\" \"${PODS_ROOT}/Manifest.lock\" > /dev/null\nif [ $? != 0 ] ; then\n    # print error to STDERR\n    echo \"error: The sandbox is not in sync with the Podfile.lock. Run 'pod install' or update your CocoaPods installation.\" >&2\n    exit 1\nfi\n# This output is used by Xcode 'outputs' to avoid re-running this script phase.\necho \"SUCCESS\" > \"${SCRIPT_OUTPUT_FILE_0}\"\n";
			showEnvVarsInLog = 0;
		};
/* End PBXShellScriptBuildPhase section */

/* Begin PBXSourcesBuildPhase section */
		033468AC261647C000E4CA37 /* Sources */ = {
			isa = PBXSourcesBuildPhase;
			buildActionMask = 2147483647;
			files = (
				2EFE29A5261BFE7600FE56AD /* SignInViewController.swift in Sources */,
				2EA4A397261E5E130067FC3B /* TrackerViewController.swift in Sources */,
				42356F4026166756006AC759 /* LongTermGoalsViewController.swift in Sources */,
				03F8F72A261A7C9C00234739 /* VideosCollectionViewCell.swift in Sources */,
				2EFE29AA261C023700FE56AD /* AboutViewController.swift in Sources */,
				2EA4A39D261E88030067FC3B /* DayTrackViewController.swift in Sources */,
				0379FB482617E51000088F42 /* Video.swift in Sources */,
				2EFE2997261BF90200FE56AD /* GeneralTableViewCell.swift in Sources */,
				42356F5F2617CB6E006AC759 /* CopingSkillsViewController.swift in Sources */,
				033468B8261647C000E4CA37 /* ViewController.swift in Sources */,
				033468B4261647C000E4CA37 /* AppDelegate.swift in Sources */,
				42356F5C2617B331006AC759 /* TabBarViewController.swift in Sources */,
				2EFE292D2616C8AC00FE56AD /* GoalsTableViewCell.swift in Sources */,
				033468B6261647C000E4CA37 /* SceneDelegate.swift in Sources */,
				033468D526164AD000E4CA37 /* GoalsViewController.swift in Sources */,
				03F8F74A262116A100234739 /* CopyViewController.swift in Sources */,
				2EFE29A2261BFE7600FE56AD /* SignUpViewController.swift in Sources */,
				42356F4626167120006AC759 /* CopingViewController.swift in Sources */,
				2EA4A3C8262289BE0067FC3B /* User.swift in Sources */,
			);
			runOnlyForDeploymentPostprocessing = 0;
		};
/* End PBXSourcesBuildPhase section */

/* Begin PBXVariantGroup section */
		033468B9261647C000E4CA37 /* Main.storyboard */ = {
			isa = PBXVariantGroup;
			children = (
				033468BA261647C000E4CA37 /* Base */,
			);
			name = Main.storyboard;
			sourceTree = "<group>";
		};
		033468BE261647C100E4CA37 /* LaunchScreen.storyboard */ = {
			isa = PBXVariantGroup;
			children = (
				033468BF261647C100E4CA37 /* Base */,
			);
			name = LaunchScreen.storyboard;
			sourceTree = "<group>";
		};
/* End PBXVariantGroup section */

/* Begin XCBuildConfiguration section */
		033468C2261647C100E4CA37 /* Debug */ = {
			isa = XCBuildConfiguration;
			buildSettings = {
				ALWAYS_SEARCH_USER_PATHS = NO;
				CLANG_ANALYZER_NONNULL = YES;
				CLANG_ANALYZER_NUMBER_OBJECT_CONVERSION = YES_AGGRESSIVE;
				CLANG_CXX_LANGUAGE_STANDARD = "gnu++14";
				CLANG_CXX_LIBRARY = "libc++";
				CLANG_ENABLE_MODULES = YES;
				CLANG_ENABLE_OBJC_ARC = YES;
				CLANG_ENABLE_OBJC_WEAK = YES;
				CLANG_WARN_BLOCK_CAPTURE_AUTORELEASING = YES;
				CLANG_WARN_BOOL_CONVERSION = YES;
				CLANG_WARN_COMMA = YES;
				CLANG_WARN_CONSTANT_CONVERSION = YES;
				CLANG_WARN_DEPRECATED_OBJC_IMPLEMENTATIONS = YES;
				CLANG_WARN_DIRECT_OBJC_ISA_USAGE = YES_ERROR;
				CLANG_WARN_DOCUMENTATION_COMMENTS = YES;
				CLANG_WARN_EMPTY_BODY = YES;
				CLANG_WARN_ENUM_CONVERSION = YES;
				CLANG_WARN_INFINITE_RECURSION = YES;
				CLANG_WARN_INT_CONVERSION = YES;
				CLANG_WARN_NON_LITERAL_NULL_CONVERSION = YES;
				CLANG_WARN_OBJC_IMPLICIT_RETAIN_SELF = YES;
				CLANG_WARN_OBJC_LITERAL_CONVERSION = YES;
				CLANG_WARN_OBJC_ROOT_CLASS = YES_ERROR;
				CLANG_WARN_QUOTED_INCLUDE_IN_FRAMEWORK_HEADER = YES;
				CLANG_WARN_RANGE_LOOP_ANALYSIS = YES;
				CLANG_WARN_STRICT_PROTOTYPES = YES;
				CLANG_WARN_SUSPICIOUS_MOVE = YES;
				CLANG_WARN_UNGUARDED_AVAILABILITY = YES_AGGRESSIVE;
				CLANG_WARN_UNREACHABLE_CODE = YES;
				CLANG_WARN__DUPLICATE_METHOD_MATCH = YES;
				COPY_PHASE_STRIP = NO;
				DEBUG_INFORMATION_FORMAT = dwarf;
				ENABLE_STRICT_OBJC_MSGSEND = YES;
				ENABLE_TESTABILITY = YES;
				GCC_C_LANGUAGE_STANDARD = gnu11;
				GCC_DYNAMIC_NO_PIC = NO;
				GCC_NO_COMMON_BLOCKS = YES;
				GCC_OPTIMIZATION_LEVEL = 0;
				GCC_PREPROCESSOR_DEFINITIONS = (
					"DEBUG=1",
					"$(inherited)",
				);
				GCC_WARN_64_TO_32_BIT_CONVERSION = YES;
				GCC_WARN_ABOUT_RETURN_TYPE = YES_ERROR;
				GCC_WARN_UNDECLARED_SELECTOR = YES;
				GCC_WARN_UNINITIALIZED_AUTOS = YES_AGGRESSIVE;
				GCC_WARN_UNUSED_FUNCTION = YES;
				GCC_WARN_UNUSED_VARIABLE = YES;
				IPHONEOS_DEPLOYMENT_TARGET = 14.4;
				MTL_ENABLE_DEBUG_INFO = INCLUDE_SOURCE;
				MTL_FAST_MATH = YES;
				ONLY_ACTIVE_ARCH = YES;
				SDKROOT = iphoneos;
				SWIFT_ACTIVE_COMPILATION_CONDITIONS = DEBUG;
				SWIFT_OPTIMIZATION_LEVEL = "-Onone";
			};
			name = Debug;
		};
		033468C3261647C100E4CA37 /* Release */ = {
			isa = XCBuildConfiguration;
			buildSettings = {
				ALWAYS_SEARCH_USER_PATHS = NO;
				CLANG_ANALYZER_NONNULL = YES;
				CLANG_ANALYZER_NUMBER_OBJECT_CONVERSION = YES_AGGRESSIVE;
				CLANG_CXX_LANGUAGE_STANDARD = "gnu++14";
				CLANG_CXX_LIBRARY = "libc++";
				CLANG_ENABLE_MODULES = YES;
				CLANG_ENABLE_OBJC_ARC = YES;
				CLANG_ENABLE_OBJC_WEAK = YES;
				CLANG_WARN_BLOCK_CAPTURE_AUTORELEASING = YES;
				CLANG_WARN_BOOL_CONVERSION = YES;
				CLANG_WARN_COMMA = YES;
				CLANG_WARN_CONSTANT_CONVERSION = YES;
				CLANG_WARN_DEPRECATED_OBJC_IMPLEMENTATIONS = YES;
				CLANG_WARN_DIRECT_OBJC_ISA_USAGE = YES_ERROR;
				CLANG_WARN_DOCUMENTATION_COMMENTS = YES;
				CLANG_WARN_EMPTY_BODY = YES;
				CLANG_WARN_ENUM_CONVERSION = YES;
				CLANG_WARN_INFINITE_RECURSION = YES;
				CLANG_WARN_INT_CONVERSION = YES;
				CLANG_WARN_NON_LITERAL_NULL_CONVERSION = YES;
				CLANG_WARN_OBJC_IMPLICIT_RETAIN_SELF = YES;
				CLANG_WARN_OBJC_LITERAL_CONVERSION = YES;
				CLANG_WARN_OBJC_ROOT_CLASS = YES_ERROR;
				CLANG_WARN_QUOTED_INCLUDE_IN_FRAMEWORK_HEADER = YES;
				CLANG_WARN_RANGE_LOOP_ANALYSIS = YES;
				CLANG_WARN_STRICT_PROTOTYPES = YES;
				CLANG_WARN_SUSPICIOUS_MOVE = YES;
				CLANG_WARN_UNGUARDED_AVAILABILITY = YES_AGGRESSIVE;
				CLANG_WARN_UNREACHABLE_CODE = YES;
				CLANG_WARN__DUPLICATE_METHOD_MATCH = YES;
				COPY_PHASE_STRIP = NO;
				DEBUG_INFORMATION_FORMAT = "dwarf-with-dsym";
				ENABLE_NS_ASSERTIONS = NO;
				ENABLE_STRICT_OBJC_MSGSEND = YES;
				GCC_C_LANGUAGE_STANDARD = gnu11;
				GCC_NO_COMMON_BLOCKS = YES;
				GCC_WARN_64_TO_32_BIT_CONVERSION = YES;
				GCC_WARN_ABOUT_RETURN_TYPE = YES_ERROR;
				GCC_WARN_UNDECLARED_SELECTOR = YES;
				GCC_WARN_UNINITIALIZED_AUTOS = YES_AGGRESSIVE;
				GCC_WARN_UNUSED_FUNCTION = YES;
				GCC_WARN_UNUSED_VARIABLE = YES;
				IPHONEOS_DEPLOYMENT_TARGET = 14.4;
				MTL_ENABLE_DEBUG_INFO = NO;
				MTL_FAST_MATH = YES;
				SDKROOT = iphoneos;
				SWIFT_COMPILATION_MODE = wholemodule;
				SWIFT_OPTIMIZATION_LEVEL = "-O";
				VALIDATE_PRODUCT = YES;
			};
			name = Release;
		};
		033468C5261647C100E4CA37 /* Debug */ = {
			isa = XCBuildConfiguration;
			baseConfigurationReference = CEDC0BB42E42ADB0E3BC74DB /* Pods-Elevate.debug.xcconfig */;
			buildSettings = {
				ASSETCATALOG_COMPILER_APPICON_NAME = AppIcon;
				ASSETCATALOG_COMPILER_GLOBAL_ACCENT_COLOR_NAME = AccentColor;
				CODE_SIGN_STYLE = Automatic;
				INFOPLIST_FILE = Elevate/Info.plist;
				LD_RUNPATH_SEARCH_PATHS = (
					"$(inherited)",
					"@executable_path/Frameworks",
				);
				PRODUCT_BUNDLE_IDENTIFIER = Elevate.Elevate;
				PRODUCT_NAME = "$(TARGET_NAME)";
				SWIFT_VERSION = 5.0;
				TARGETED_DEVICE_FAMILY = "1,2";
			};
			name = Debug;
		};
		033468C6261647C100E4CA37 /* Release */ = {
			isa = XCBuildConfiguration;
			baseConfigurationReference = F6A5F20291E7160E19ABEA7C /* Pods-Elevate.release.xcconfig */;
			buildSettings = {
				ASSETCATALOG_COMPILER_APPICON_NAME = AppIcon;
				ASSETCATALOG_COMPILER_GLOBAL_ACCENT_COLOR_NAME = AccentColor;
				CODE_SIGN_STYLE = Automatic;
				INFOPLIST_FILE = Elevate/Info.plist;
				LD_RUNPATH_SEARCH_PATHS = (
					"$(inherited)",
					"@executable_path/Frameworks",
				);
				PRODUCT_BUNDLE_IDENTIFIER = Elevate.Elevate;
				PRODUCT_NAME = "$(TARGET_NAME)";
				SWIFT_VERSION = 5.0;
				TARGETED_DEVICE_FAMILY = "1,2";
			};
			name = Release;
		};
/* End XCBuildConfiguration section */

/* Begin XCConfigurationList section */
		033468AB261647C000E4CA37 /* Build configuration list for PBXProject "Elevate" */ = {
			isa = XCConfigurationList;
			buildConfigurations = (
				033468C2261647C100E4CA37 /* Debug */,
				033468C3261647C100E4CA37 /* Release */,
			);
			defaultConfigurationIsVisible = 0;
			defaultConfigurationName = Release;
		};
		033468C4261647C100E4CA37 /* Build configuration list for PBXNativeTarget "Elevate" */ = {
			isa = XCConfigurationList;
			buildConfigurations = (
				033468C5261647C100E4CA37 /* Debug */,
				033468C6261647C100E4CA37 /* Release */,
			);
			defaultConfigurationIsVisible = 0;
			defaultConfigurationName = Release;
		};
/* End XCConfigurationList section */
	};
	rootObject = 033468A8261647C000E4CA37 /* Project object */;
}
